
Microsoft Visual Studio Solution File, Format Version 12.00
# Visual Studio 14
VisualStudioVersion = 14.0.25420.1
MinimumVisualStudioVersion = 10.0.40219.1
Project("{FAE04EC0-301F-11D3-BF4B-00C04F79EFBC}") = "App1", "App1\App1\App1.csproj", "{7E01930D-A0B0-4956-9B04-94C4719F4BC8}"
EndProject
Project("{FAE04EC0-301F-11D3-BF4B-00C04F79EFBC}") = "App1.Droid", "App1\App1.Droid\App1.Droid.csproj", "{F08A1EFE-3771-4CF5-838C-A0CEEAAADB1F}"
EndProject
Project("{FAE04EC0-301F-11D3-BF4B-00C04F79EFBC}") = "App1.iOS", "App1\App1.iOS\App1.iOS.csproj", "{5991E9CE-0487-4EF0-9F57-3D6B5BEFAB2F}"
EndProject
Project("{FAE04EC0-301F-11D3-BF4B-00C04F79EFBC}") = "App1.WinPhone", "App1\App1.WinPhone\App1.WinPhone.csproj", "{21C9D78B-8AE5-43F8-98DE-BCDA56E05513}"
EndProject
Project("{FAE04EC0-301F-11D3-BF4B-00C04F79EFBC}") = "App1.UWP", "App1\App1.UWP\App1.UWP.csproj", "{9E66CC1A-177B-4358-9854-F3D8D247D7BB}"
EndProject
Project("{FAE04EC0-301F-11D3-BF4B-00C04F79EFBC}") = "App1.Windows", "App1\App1.Windows\App1.Windows.csproj", "{A7145DCB-3E7F-4F96-81AC-31108D68AB82}"
EndProject
Global
	GlobalSection(SolutionConfigurationPlatforms) = preSolution
		Ad-Hoc|Any CPU = Ad-Hoc|Any CPU
		Ad-Hoc|ARM = Ad-Hoc|ARM
		Ad-Hoc|iPhone = Ad-Hoc|iPhone
		Ad-Hoc|iPhoneSimulator = Ad-Hoc|iPhoneSimulator
		Ad-Hoc|x64 = Ad-Hoc|x64
		Ad-Hoc|x86 = Ad-Hoc|x86
		AppStore|Any CPU = AppStore|Any CPU
		AppStore|ARM = AppStore|ARM
		AppStore|iPhone = AppStore|iPhone
		AppStore|iPhoneSimulator = AppStore|iPhoneSimulator
		AppStore|x64 = AppStore|x64
		AppStore|x86 = AppStore|x86
		Debug|Any CPU = Debug|Any CPU
		Debug|ARM = Debug|ARM
		Debug|iPhone = Debug|iPhone
		Debug|iPhoneSimulator = Debug|iPhoneSimulator
		Debug|x64 = Debug|x64
		Debug|x86 = Debug|x86
		Release|Any CPU = Release|Any CPU
		Release|ARM = Release|ARM
		Release|iPhone = Release|iPhone
		Release|iPhoneSimulator = Release|iPhoneSimulator
		Release|x64 = Release|x64
		Release|x86 = Release|x86
	EndGlobalSection
	GlobalSection(ProjectConfigurationPlatforms) = postSolution
		{7E01930D-A0B0-4956-9B04-94C4719F4BC8}.Ad-Hoc|Any CPU.ActiveCfg = Release|Any CPU
		{7E01930D-A0B0-4956-9B04-94C4719F4BC8}.Ad-Hoc|Any CPU.Build.0 = Release|Any CPU
		{7E01930D-A0B0-4956-9B04-94C4719F4BC8}.Ad-Hoc|ARM.ActiveCfg = Release|Any CPU
		{7E01930D-A0B0-4956-9B04-94C4719F4BC8}.Ad-Hoc|ARM.Build.0 = Release|Any CPU
		{7E01930D-A0B0-4956-9B04-94C4719F4BC8}.Ad-Hoc|iPhone.ActiveCfg = Release|Any CPU
		{7E01930D-A0B0-4956-9B04-94C4719F4BC8}.Ad-Hoc|iPhone.Build.0 = Release|Any CPU
		{7E01930D-A0B0-4956-9B04-94C4719F4BC8}.Ad-Hoc|iPhoneSimulator.ActiveCfg = Release|Any CPU
		{7E01930D-A0B0-4956-9B04-94C4719F4BC8}.Ad-Hoc|iPhoneSimulator.Build.0 = Release|Any CPU
		{7E01930D-A0B0-4956-9B04-94C4719F4BC8}.Ad-Hoc|x64.ActiveCfg = Release|Any CPU
		{7E01930D-A0B0-4956-9B04-94C4719F4BC8}.Ad-Hoc|x64.Build.0 = Release|Any CPU
		{7E01930D-A0B0-4956-9B04-94C4719F4BC8}.Ad-Hoc|x86.ActiveCfg = Release|Any CPU
		{7E01930D-A0B0-4956-9B04-94C4719F4BC8}.Ad-Hoc|x86.Build.0 = Release|Any CPU
		{7E01930D-A0B0-4956-9B04-94C4719F4BC8}.AppStore|Any CPU.ActiveCfg = Release|Any CPU
		{7E01930D-A0B0-4956-9B04-94C4719F4BC8}.AppStore|Any CPU.Build.0 = Release|Any CPU
		{7E01930D-A0B0-4956-9B04-94C4719F4BC8}.AppStore|ARM.ActiveCfg = Release|Any CPU
		{7E01930D-A0B0-4956-9B04-94C4719F4BC8}.AppStore|ARM.Build.0 = Release|Any CPU
		{7E01930D-A0B0-4956-9B04-94C4719F4BC8}.AppStore|iPhone.ActiveCfg = Release|Any CPU
		{7E01930D-A0B0-4956-9B04-94C4719F4BC8}.AppStore|iPhone.Build.0 = Release|Any CPU
		{7E01930D-A0B0-4956-9B04-94C4719F4BC8}.AppStore|iPhoneSimulator.ActiveCfg = Release|Any CPU
		{7E01930D-A0B0-4956-9B04-94C4719F4BC8}.AppStore|iPhoneSimulator.Build.0 = Release|Any CPU
		{7E01930D-A0B0-4956-9B04-94C4719F4BC8}.AppStore|x64.ActiveCfg = Release|Any CPU
		{7E01930D-A0B0-4956-9B04-94C4719F4BC8}.AppStore|x64.Build.0 = Release|Any CPU
		{7E01930D-A0B0-4956-9B04-94C4719F4BC8}.AppStore|x86.ActiveCfg = Release|Any CPU
		{7E01930D-A0B0-4956-9B04-94C4719F4BC8}.AppStore|x86.Build.0 = Release|Any CPU
		{7E01930D-A0B0-4956-9B04-94C4719F4BC8}.Debug|Any CPU.ActiveCfg = Debug|Any CPU
		{7E01930D-A0B0-4956-9B04-94C4719F4BC8}.Debug|Any CPU.Build.0 = Debug|Any CPU
		{7E01930D-A0B0-4956-9B04-94C4719F4BC8}.Debug|ARM.ActiveCfg = Debug|Any CPU
		{7E01930D-A0B0-4956-9B04-94C4719F4BC8}.Debug|ARM.Build.0 = Debug|Any CPU
		{7E01930D-A0B0-4956-9B04-94C4719F4BC8}.Debug|iPhone.ActiveCfg = Debug|Any CPU
		{7E01930D-A0B0-4956-9B04-94C4719F4BC8}.Debug|iPhone.Build.0 = Debug|Any CPU
		{7E01930D-A0B0-4956-9B04-94C4719F4BC8}.Debug|iPhoneSimulator.ActiveCfg = Debug|Any CPU
		{7E01930D-A0B0-4956-9B04-94C4719F4BC8}.Debug|iPhoneSimulator.Build.0 = Debug|Any CPU
		{7E01930D-A0B0-4956-9B04-94C4719F4BC8}.Debug|x64.ActiveCfg = Debug|Any CPU
		{7E01930D-A0B0-4956-9B04-94C4719F4BC8}.Debug|x64.Build.0 = Debug|Any CPU
		{7E01930D-A0B0-4956-9B04-94C4719F4BC8}.Debug|x86.ActiveCfg = Debug|Any CPU
		{7E01930D-A0B0-4956-9B04-94C4719F4BC8}.Debug|x86.Build.0 = Debug|Any CPU
		{7E01930D-A0B0-4956-9B04-94C4719F4BC8}.Release|Any CPU.ActiveCfg = Release|Any CPU
		{7E01930D-A0B0-4956-9B04-94C4719F4BC8}.Release|Any CPU.Build.0 = Release|Any CPU
		{7E01930D-A0B0-4956-9B04-94C4719F4BC8}.Release|ARM.ActiveCfg = Release|Any CPU
		{7E01930D-A0B0-4956-9B04-94C4719F4BC8}.Release|ARM.Build.0 = Release|Any CPU
		{7E01930D-A0B0-4956-9B04-94C4719F4BC8}.Release|iPhone.ActiveCfg = Release|Any CPU
		{7E01930D-A0B0-4956-9B04-94C4719F4BC8}.Release|iPhone.Build.0 = Release|Any CPU
		{7E01930D-A0B0-4956-9B04-94C4719F4BC8}.Release|iPhoneSimulator.ActiveCfg = Release|Any CPU
		{7E01930D-A0B0-4956-9B04-94C4719F4BC8}.Release|iPhoneSimulator.Build.0 = Release|Any CPU
		{7E01930D-A0B0-4956-9B04-94C4719F4BC8}.Release|x64.ActiveCfg = Release|Any CPU
		{7E01930D-A0B0-4956-9B04-94C4719F4BC8}.Release|x64.Build.0 = Release|Any CPU
		{7E01930D-A0B0-4956-9B04-94C4719F4BC8}.Release|x86.ActiveCfg = Release|Any CPU
		{7E01930D-A0B0-4956-9B04-94C4719F4BC8}.Release|x86.Build.0 = Release|Any CPU
		{F08A1EFE-3771-4CF5-838C-A0CEEAAADB1F}.Ad-Hoc|Any CPU.ActiveCfg = Release|Any CPU
		{F08A1EFE-3771-4CF5-838C-A0CEEAAADB1F}.Ad-Hoc|Any CPU.Build.0 = Release|Any CPU
		{F08A1EFE-3771-4CF5-838C-A0CEEAAADB1F}.Ad-Hoc|Any CPU.Deploy.0 = Release|Any CPU
		{F08A1EFE-3771-4CF5-838C-A0CEEAAADB1F}.Ad-Hoc|ARM.ActiveCfg = Release|Any CPU
		{F08A1EFE-3771-4CF5-838C-A0CEEAAADB1F}.Ad-Hoc|ARM.Build.0 = Release|Any CPU
		{F08A1EFE-3771-4CF5-838C-A0CEEAAADB1F}.Ad-Hoc|ARM.Deploy.0 = Release|Any CPU
		{F08A1EFE-3771-4CF5-838C-A0CEEAAADB1F}.Ad-Hoc|iPhone.ActiveCfg = Release|Any CPU
		{F08A1EFE-3771-4CF5-838C-A0CEEAAADB1F}.Ad-Hoc|iPhone.Build.0 = Release|Any CPU
		{F08A1EFE-3771-4CF5-838C-A0CEEAAADB1F}.Ad-Hoc|iPhone.Deploy.0 = Release|Any CPU
		{F08A1EFE-3771-4CF5-838C-A0CEEAAADB1F}.Ad-Hoc|iPhoneSimulator.ActiveCfg = Release|Any CPU
		{F08A1EFE-3771-4CF5-838C-A0CEEAAADB1F}.Ad-Hoc|iPhoneSimulator.Build.0 = Release|Any CPU
		{F08A1EFE-3771-4CF5-838C-A0CEEAAADB1F}.Ad-Hoc|iPhoneSimulator.Deploy.0 = Release|Any CPU
		{F08A1EFE-3771-4CF5-838C-A0CEEAAADB1F}.Ad-Hoc|x64.ActiveCfg = Release|Any CPU
		{F08A1EFE-3771-4CF5-838C-A0CEEAAADB1F}.Ad-Hoc|x64.Build.0 = Release|Any CPU
		{F08A1EFE-3771-4CF5-838C-A0CEEAAADB1F}.Ad-Hoc|x64.Deploy.0 = Release|Any CPU
		{F08A1EFE-3771-4CF5-838C-A0CEEAAADB1F}.Ad-Hoc|x86.ActiveCfg = Release|Any CPU
		{F08A1EFE-3771-4CF5-838C-A0CEEAAADB1F}.Ad-Hoc|x86.Build.0 = Release|Any CPU
		{F08A1EFE-3771-4CF5-838C-A0CEEAAADB1F}.Ad-Hoc|x86.Deploy.0 = Release|Any CPU
		{F08A1EFE-3771-4CF5-838C-A0CEEAAADB1F}.AppStore|Any CPU.ActiveCfg = Release|Any CPU
		{F08A1EFE-3771-4CF5-838C-A0CEEAAADB1F}.AppStore|Any CPU.Build.0 = Release|Any CPU
		{F08A1EFE-3771-4CF5-838C-A0CEEAAADB1F}.AppStore|Any CPU.Deploy.0 = Release|Any CPU
		{F08A1EFE-3771-4CF5-838C-A0CEEAAADB1F}.AppStore|ARM.ActiveCfg = Release|Any CPU
		{F08A1EFE-3771-4CF5-838C-A0CEEAAADB1F}.AppStore|ARM.Build.0 = Release|Any CPU
		{F08A1EFE-3771-4CF5-838C-A0CEEAAADB1F}.AppStore|ARM.Deploy.0 = Release|Any CPU
		{F08A1EFE-3771-4CF5-838C-A0CEEAAADB1F}.AppStore|iPhone.ActiveCfg = Release|Any CPU
		{F08A1EFE-3771-4CF5-838C-A0CEEAAADB1F}.AppStore|iPhone.Build.0 = Release|Any CPU
		{F08A1EFE-3771-4CF5-838C-A0CEEAAADB1F}.AppStore|iPhone.Deploy.0 = Release|Any CPU
		{F08A1EFE-3771-4CF5-838C-A0CEEAAADB1F}.AppStore|iPhoneSimulator.ActiveCfg = Release|Any CPU
		{F08A1EFE-3771-4CF5-838C-A0CEEAAADB1F}.AppStore|iPhoneSimulator.Build.0 = Release|Any CPU
		{F08A1EFE-3771-4CF5-838C-A0CEEAAADB1F}.AppStore|iPhoneSimulator.Deploy.0 = Release|Any CPU
		{F08A1EFE-3771-4CF5-838C-A0CEEAAADB1F}.AppStore|x64.ActiveCfg = Release|Any CPU
		{F08A1EFE-3771-4CF5-838C-A0CEEAAADB1F}.AppStore|x64.Build.0 = Release|Any CPU
		{F08A1EFE-3771-4CF5-838C-A0CEEAAADB1F}.AppStore|x64.Deploy.0 = Release|Any CPU
		{F08A1EFE-3771-4CF5-838C-A0CEEAAADB1F}.AppStore|x86.ActiveCfg = Release|Any CPU
		{F08A1EFE-3771-4CF5-838C-A0CEEAAADB1F}.AppStore|x86.Build.0 = Release|Any CPU
		{F08A1EFE-3771-4CF5-838C-A0CEEAAADB1F}.AppStore|x86.Deploy.0 = Release|Any CPU
		{F08A1EFE-3771-4CF5-838C-A0CEEAAADB1F}.Debug|Any CPU.ActiveCfg = Debug|Any CPU
		{F08A1EFE-3771-4CF5-838C-A0CEEAAADB1F}.Debug|Any CPU.Build.0 = Debug|Any CPU
		{F08A1EFE-3771-4CF5-838C-A0CEEAAADB1F}.Debug|Any CPU.Deploy.0 = Debug|Any CPU
		{F08A1EFE-3771-4CF5-838C-A0CEEAAADB1F}.Debug|ARM.ActiveCfg = Debug|Any CPU
		{F08A1EFE-3771-4CF5-838C-A0CEEAAADB1F}.Debug|ARM.Build.0 = Debug|Any CPU
		{F08A1EFE-3771-4CF5-838C-A0CEEAAADB1F}.Debug|ARM.Deploy.0 = Debug|Any CPU
		{F08A1EFE-3771-4CF5-838C-A0CEEAAADB1F}.Debug|iPhone.ActiveCfg = Debug|Any CPU
		{F08A1EFE-3771-4CF5-838C-A0CEEAAADB1F}.Debug|iPhone.Build.0 = Debug|Any CPU
		{F08A1EFE-3771-4CF5-838C-A0CEEAAADB1F}.Debug|iPhone.Deploy.0 = Debug|Any CPU
		{F08A1EFE-3771-4CF5-838C-A0CEEAAADB1F}.Debug|iPhoneSimulator.ActiveCfg = Debug|Any CPU
		{F08A1EFE-3771-4CF5-838C-A0CEEAAADB1F}.Debug|iPhoneSimulator.Build.0 = Debug|Any CPU
		{F08A1EFE-3771-4CF5-838C-A0CEEAAADB1F}.Debug|iPhoneSimulator.Deploy.0 = Debug|Any CPU
		{F08A1EFE-3771-4CF5-838C-A0CEEAAADB1F}.Debug|x64.ActiveCfg = Debug|Any CPU
		{F08A1EFE-3771-4CF5-838C-A0CEEAAADB1F}.Debug|x64.Build.0 = Debug|Any CPU
		{F08A1EFE-3771-4CF5-838C-A0CEEAAADB1F}.Debug|x64.Deploy.0 = Debug|Any CPU
		{F08A1EFE-3771-4CF5-838C-A0CEEAAADB1F}.Debug|x86.ActiveCfg = Debug|Any CPU
		{F08A1EFE-3771-4CF5-838C-A0CEEAAADB1F}.Debug|x86.Build.0 = Debug|Any CPU
		{F08A1EFE-3771-4CF5-838C-A0CEEAAADB1F}.Debug|x86.Deploy.0 = Debug|Any CPU
		{F08A1EFE-3771-4CF5-838C-A0CEEAAADB1F}.Release|Any CPU.ActiveCfg = Release|Any CPU
		{F08A1EFE-3771-4CF5-838C-A0CEEAAADB1F}.Release|Any CPU.Build.0 = Release|Any CPU
		{F08A1EFE-3771-4CF5-838C-A0CEEAAADB1F}.Release|Any CPU.Deploy.0 = Release|Any CPU
		{F08A1EFE-3771-4CF5-838C-A0CEEAAADB1F}.Release|ARM.ActiveCfg = Release|Any CPU
		{F08A1EFE-3771-4CF5-838C-A0CEEAAADB1F}.Release|ARM.Build.0 = Release|Any CPU
		{F08A1EFE-3771-4CF5-838C-A0CEEAAADB1F}.Release|ARM.Deploy.0 = Release|Any CPU
		{F08A1EFE-3771-4CF5-838C-A0CEEAAADB1F}.Release|iPhone.ActiveCfg = Release|Any CPU
		{F08A1EFE-3771-4CF5-838C-A0CEEAAADB1F}.Release|iPhone.Build.0 = Release|Any CPU
		{F08A1EFE-3771-4CF5-838C-A0CEEAAADB1F}.Release|iPhone.Deploy.0 = Release|Any CPU
		{F08A1EFE-3771-4CF5-838C-A0CEEAAADB1F}.Release|iPhoneSimulator.ActiveCfg = Release|Any CPU
		{F08A1EFE-3771-4CF5-838C-A0CEEAAADB1F}.Release|iPhoneSimulator.Build.0 = Release|Any CPU
		{F08A1EFE-3771-4CF5-838C-A0CEEAAADB1F}.Release|iPhoneSimulator.Deploy.0 = Release|Any CPU
		{F08A1EFE-3771-4CF5-838C-A0CEEAAADB1F}.Release|x64.ActiveCfg = Release|Any CPU
		{F08A1EFE-3771-4CF5-838C-A0CEEAAADB1F}.Release|x64.Build.0 = Release|Any CPU
		{F08A1EFE-3771-4CF5-838C-A0CEEAAADB1F}.Release|x64.Deploy.0 = Release|Any CPU
		{F08A1EFE-3771-4CF5-838C-A0CEEAAADB1F}.Release|x86.ActiveCfg = Release|Any CPU
		{F08A1EFE-3771-4CF5-838C-A0CEEAAADB1F}.Release|x86.Build.0 = Release|Any CPU
		{F08A1EFE-3771-4CF5-838C-A0CEEAAADB1F}.Release|x86.Deploy.0 = Release|Any CPU
		{5991E9CE-0487-4EF0-9F57-3D6B5BEFAB2F}.Ad-Hoc|Any CPU.ActiveCfg = Ad-Hoc|iPhone
		{5991E9CE-0487-4EF0-9F57-3D6B5BEFAB2F}.Ad-Hoc|ARM.ActiveCfg = Ad-Hoc|iPhone
		{5991E9CE-0487-4EF0-9F57-3D6B5BEFAB2F}.Ad-Hoc|iPhone.ActiveCfg = Ad-Hoc|iPhone
		{5991E9CE-0487-4EF0-9F57-3D6B5BEFAB2F}.Ad-Hoc|iPhone.Build.0 = Ad-Hoc|iPhone
		{5991E9CE-0487-4EF0-9F57-3D6B5BEFAB2F}.Ad-Hoc|iPhoneSimulator.ActiveCfg = Ad-Hoc|iPhoneSimulator
		{5991E9CE-0487-4EF0-9F57-3D6B5BEFAB2F}.Ad-Hoc|iPhoneSimulator.Build.0 = Ad-Hoc|iPhoneSimulator
		{5991E9CE-0487-4EF0-9F57-3D6B5BEFAB2F}.Ad-Hoc|x64.ActiveCfg = Ad-Hoc|iPhone
		{5991E9CE-0487-4EF0-9F57-3D6B5BEFAB2F}.Ad-Hoc|x86.ActiveCfg = Ad-Hoc|iPhone
		{5991E9CE-0487-4EF0-9F57-3D6B5BEFAB2F}.AppStore|Any CPU.ActiveCfg = AppStore|iPhone
		{5991E9CE-0487-4EF0-9F57-3D6B5BEFAB2F}.AppStore|ARM.ActiveCfg = AppStore|iPhone
		{5991E9CE-0487-4EF0-9F57-3D6B5BEFAB2F}.AppStore|iPhone.ActiveCfg = AppStore|iPhone
		{5991E9CE-0487-4EF0-9F57-3D6B5BEFAB2F}.AppStore|iPhone.Build.0 = AppStore|iPhone
		{5991E9CE-0487-4EF0-9F57-3D6B5BEFAB2F}.AppStore|iPhoneSimulator.ActiveCfg = AppStore|iPhoneSimulator
		{5991E9CE-0487-4EF0-9F57-3D6B5BEFAB2F}.AppStore|iPhoneSimulator.Build.0 = AppStore|iPhoneSimulator
		{5991E9CE-0487-4EF0-9F57-3D6B5BEFAB2F}.AppStore|x64.ActiveCfg = AppStore|iPhone
		{5991E9CE-0487-4EF0-9F57-3D6B5BEFAB2F}.AppStore|x86.ActiveCfg = AppStore|iPhone
		{5991E9CE-0487-4EF0-9F57-3D6B5BEFAB2F}.Debug|Any CPU.ActiveCfg = Debug|iPhone
		{5991E9CE-0487-4EF0-9F57-3D6B5BEFAB2F}.Debug|ARM.ActiveCfg = Debug|iPhone
		{5991E9CE-0487-4EF0-9F57-3D6B5BEFAB2F}.Debug|iPhone.ActiveCfg = Debug|iPhone
		{5991E9CE-0487-4EF0-9F57-3D6B5BEFAB2F}.Debug|iPhone.Build.0 = Debug|iPhone
		{5991E9CE-0487-4EF0-9F57-3D6B5BEFAB2F}.Debug|iPhoneSimulator.ActiveCfg = Debug|iPhoneSimulator
		{5991E9CE-0487-4EF0-9F57-3D6B5BEFAB2F}.Debug|iPhoneSimulator.Build.0 = Debug|iPhoneSimulator
		{5991E9CE-0487-4EF0-9F57-3D6B5BEFAB2F}.Debug|x64.ActiveCfg = Debug|iPhone
		{5991E9CE-0487-4EF0-9F57-3D6B5BEFAB2F}.Debug|x86.ActiveCfg = Debug|iPhone
		{5991E9CE-0487-4EF0-9F57-3D6B5BEFAB2F}.Release|Any CPU.ActiveCfg = Release|iPhone
		{5991E9CE-0487-4EF0-9F57-3D6B5BEFAB2F}.Release|ARM.ActiveCfg = Release|iPhone
		{5991E9CE-0487-4EF0-9F57-3D6B5BEFAB2F}.Release|iPhone.ActiveCfg = Release|iPhone
		{5991E9CE-0487-4EF0-9F57-3D6B5BEFAB2F}.Release|iPhone.Build.0 = Release|iPhone
		{5991E9CE-0487-4EF0-9F57-3D6B5BEFAB2F}.Release|iPhoneSimulator.ActiveCfg = Release|iPhoneSimulator
		{5991E9CE-0487-4EF0-9F57-3D6B5BEFAB2F}.Release|iPhoneSimulator.Build.0 = Release|iPhoneSimulator
		{5991E9CE-0487-4EF0-9F57-3D6B5BEFAB2F}.Release|x64.ActiveCfg = Release|iPhone
		{5991E9CE-0487-4EF0-9F57-3D6B5BEFAB2F}.Release|x86.ActiveCfg = Release|iPhone
		{21C9D78B-8AE5-43F8-98DE-BCDA56E05513}.Ad-Hoc|Any CPU.ActiveCfg = Release|Any CPU
		{21C9D78B-8AE5-43F8-98DE-BCDA56E05513}.Ad-Hoc|Any CPU.Build.0 = Release|Any CPU
		{21C9D78B-8AE5-43F8-98DE-BCDA56E05513}.Ad-Hoc|Any CPU.Deploy.0 = Release|Any CPU
		{21C9D78B-8AE5-43F8-98DE-BCDA56E05513}.Ad-Hoc|ARM.ActiveCfg = Release|ARM
		{21C9D78B-8AE5-43F8-98DE-BCDA56E05513}.Ad-Hoc|ARM.Build.0 = Release|ARM
		{21C9D78B-8AE5-43F8-98DE-BCDA56E05513}.Ad-Hoc|ARM.Deploy.0 = Release|ARM
		{21C9D78B-8AE5-43F8-98DE-BCDA56E05513}.Ad-Hoc|iPhone.ActiveCfg = Release|Any CPU
		{21C9D78B-8AE5-43F8-98DE-BCDA56E05513}.Ad-Hoc|iPhone.Build.0 = Release|Any CPU
		{21C9D78B-8AE5-43F8-98DE-BCDA56E05513}.Ad-Hoc|iPhone.Deploy.0 = Release|Any CPU
		{21C9D78B-8AE5-43F8-98DE-BCDA56E05513}.Ad-Hoc|iPhoneSimulator.ActiveCfg = Release|Any CPU
		{21C9D78B-8AE5-43F8-98DE-BCDA56E05513}.Ad-Hoc|iPhoneSimulator.Build.0 = Release|Any CPU
		{21C9D78B-8AE5-43F8-98DE-BCDA56E05513}.Ad-Hoc|iPhoneSimulator.Deploy.0 = Release|Any CPU
		{21C9D78B-8AE5-43F8-98DE-BCDA56E05513}.Ad-Hoc|x64.ActiveCfg = Release|Any CPU
		{21C9D78B-8AE5-43F8-98DE-BCDA56E05513}.Ad-Hoc|x64.Build.0 = Release|Any CPU
		{21C9D78B-8AE5-43F8-98DE-BCDA56E05513}.Ad-Hoc|x64.Deploy.0 = Release|Any CPU
		{21C9D78B-8AE5-43F8-98DE-BCDA56E05513}.Ad-Hoc|x86.ActiveCfg = Release|x86
		{21C9D78B-8AE5-43F8-98DE-BCDA56E05513}.Ad-Hoc|x86.Build.0 = Release|x86
		{21C9D78B-8AE5-43F8-98DE-BCDA56E05513}.Ad-Hoc|x86.Deploy.0 = Release|x86
		{21C9D78B-8AE5-43F8-98DE-BCDA56E05513}.AppStore|Any CPU.ActiveCfg = Release|Any CPU
		{21C9D78B-8AE5-43F8-98DE-BCDA56E05513}.AppStore|Any CPU.Build.0 = Release|Any CPU
		{21C9D78B-8AE5-43F8-98DE-BCDA56E05513}.AppStore|Any CPU.Deploy.0 = Release|Any CPU
		{21C9D78B-8AE5-43F8-98DE-BCDA56E05513}.AppStore|ARM.ActiveCfg = Release|ARM
		{21C9D78B-8AE5-43F8-98DE-BCDA56E05513}.AppStore|ARM.Build.0 = Release|ARM
		{21C9D78B-8AE5-43F8-98DE-BCDA56E05513}.AppStore|ARM.Deploy.0 = Release|ARM
		{21C9D78B-8AE5-43F8-98DE-BCDA56E05513}.AppStore|iPhone.ActiveCfg = Release|Any CPU
		{21C9D78B-8AE5-43F8-98DE-BCDA56E05513}.AppStore|iPhone.Build.0 = Release|Any CPU
		{21C9D78B-8AE5-43F8-98DE-BCDA56E05513}.AppStore|iPhone.Deploy.0 = Release|Any CPU
		{21C9D78B-8AE5-43F8-98DE-BCDA56E05513}.AppStore|iPhoneSimulator.ActiveCfg = Release|Any CPU
		{21C9D78B-8AE5-43F8-98DE-BCDA56E05513}.AppStore|iPhoneSimulator.Build.0 = Release|Any CPU
		{21C9D78B-8AE5-43F8-98DE-BCDA56E05513}.AppStore|iPhoneSimulator.Deploy.0 = Release|Any CPU
		{21C9D78B-8AE5-43F8-98DE-BCDA56E05513}.AppStore|x64.ActiveCfg = Release|Any CPU
		{21C9D78B-8AE5-43F8-98DE-BCDA56E05513}.AppStore|x64.Build.0 = Release|Any CPU
		{21C9D78B-8AE5-43F8-98DE-BCDA56E05513}.AppStore|x64.Deploy.0 = Release|Any CPU
		{21C9D78B-8AE5-43F8-98DE-BCDA56E05513}.AppStore|x86.ActiveCfg = Release|x86
		{21C9D78B-8AE5-43F8-98DE-BCDA56E05513}.AppStore|x86.Build.0 = Release|x86
		{21C9D78B-8AE5-43F8-98DE-BCDA56E05513}.AppStore|x86.Deploy.0 = Release|x86
		{21C9D78B-8AE5-43F8-98DE-BCDA56E05513}.Debug|Any CPU.ActiveCfg = Debug|Any CPU
		{21C9D78B-8AE5-43F8-98DE-BCDA56E05513}.Debug|Any CPU.Build.0 = Debug|Any CPU
		{21C9D78B-8AE5-43F8-98DE-BCDA56E05513}.Debug|Any CPU.Deploy.0 = Debug|Any CPU
		{21C9D78B-8AE5-43F8-98DE-BCDA56E05513}.Debug|ARM.ActiveCfg = Debug|ARM
		{21C9D78B-8AE5-43F8-98DE-BCDA56E05513}.Debug|ARM.Build.0 = Debug|ARM
		{21C9D78B-8AE5-43F8-98DE-BCDA56E05513}.Debug|ARM.Deploy.0 = Debug|ARM
		{21C9D78B-8AE5-43F8-98DE-BCDA56E05513}.Debug|iPhone.ActiveCfg = Debug|Any CPU
		{21C9D78B-8AE5-43F8-98DE-BCDA56E05513}.Debug|iPhone.Build.0 = Debug|Any CPU
		{21C9D78B-8AE5-43F8-98DE-BCDA56E05513}.Debug|iPhone.Deploy.0 = Debug|Any CPU
		{21C9D78B-8AE5-43F8-98DE-BCDA56E05513}.Debug|iPhoneSimulator.ActiveCfg = Debug|Any CPU
		{21C9D78B-8AE5-43F8-98DE-BCDA56E05513}.Debug|iPhoneSimulator.Build.0 = Debug|Any CPU
		{21C9D78B-8AE5-43F8-98DE-BCDA56E05513}.Debug|iPhoneSimulator.Deploy.0 = Debug|Any CPU
		{21C9D78B-8AE5-43F8-98DE-BCDA56E05513}.Debug|x64.ActiveCfg = Debug|Any CPU
		{21C9D78B-8AE5-43F8-98DE-BCDA56E05513}.Debug|x64.Build.0 = Debug|Any CPU
		{21C9D78B-8AE5-43F8-98DE-BCDA56E05513}.Debug|x64.Deploy.0 = Debug|Any CPU
		{21C9D78B-8AE5-43F8-98DE-BCDA56E05513}.Debug|x86.ActiveCfg = Debug|x86
		{21C9D78B-8AE5-43F8-98DE-BCDA56E05513}.Debug|x86.Build.0 = Debug|x86
		{21C9D78B-8AE5-43F8-98DE-BCDA56E05513}.Debug|x86.Deploy.0 = Debug|x86
		{21C9D78B-8AE5-43F8-98DE-BCDA56E05513}.Release|Any CPU.ActiveCfg = Release|Any CPU
		{21C9D78B-8AE5-43F8-98DE-BCDA56E05513}.Release|Any CPU.Build.0 = Release|Any CPU
		{21C9D78B-8AE5-43F8-98DE-BCDA56E05513}.Release|Any CPU.Deploy.0 = Release|Any CPU
		{21C9D78B-8AE5-43F8-98DE-BCDA56E05513}.Release|ARM.ActiveCfg = Release|ARM
		{21C9D78B-8AE5-43F8-98DE-BCDA56E05513}.Release|ARM.Build.0 = Release|ARM
		{21C9D78B-8AE5-43F8-98DE-BCDA56E05513}.Release|ARM.Deploy.0 = Release|ARM
		{21C9D78B-8AE5-43F8-98DE-BCDA56E05513}.Release|iPhone.ActiveCfg = Release|Any CPU
		{21C9D78B-8AE5-43F8-98DE-BCDA56E05513}.Release|iPhone.Build.0 = Release|Any CPU
		{21C9D78B-8AE5-43F8-98DE-BCDA56E05513}.Release|iPhone.Deploy.0 = Release|Any CPU
		{21C9D78B-8AE5-43F8-98DE-BCDA56E05513}.Release|iPhoneSimulator.ActiveCfg = Release|Any CPU
		{21C9D78B-8AE5-43F8-98DE-BCDA56E05513}.Release|iPhoneSimulator.Build.0 = Release|Any CPU
		{21C9D78B-8AE5-43F8-98DE-BCDA56E05513}.Release|iPhoneSimulator.Deploy.0 = Release|Any CPU
		{21C9D78B-8AE5-43F8-98DE-BCDA56E05513}.Release|x64.ActiveCfg = Release|Any CPU
		{21C9D78B-8AE5-43F8-98DE-BCDA56E05513}.Release|x64.Build.0 = Release|Any CPU
		{21C9D78B-8AE5-43F8-98DE-BCDA56E05513}.Release|x64.Deploy.0 = Release|Any CPU
		{21C9D78B-8AE5-43F8-98DE-BCDA56E05513}.Release|x86.ActiveCfg = Release|x86
		{21C9D78B-8AE5-43F8-98DE-BCDA56E05513}.Release|x86.Build.0 = Release|x86
		{21C9D78B-8AE5-43F8-98DE-BCDA56E05513}.Release|x86.Deploy.0 = Release|x86
		{9E66CC1A-177B-4358-9854-F3D8D247D7BB}.Ad-Hoc|Any CPU.ActiveCfg = Release|x86
		{9E66CC1A-177B-4358-9854-F3D8D247D7BB}.Ad-Hoc|Any CPU.Build.0 = Release|x86
		{9E66CC1A-177B-4358-9854-F3D8D247D7BB}.Ad-Hoc|Any CPU.Deploy.0 = Release|x86
		{9E66CC1A-177B-4358-9854-F3D8D247D7BB}.Ad-Hoc|ARM.ActiveCfg = Release|ARM
		{9E66CC1A-177B-4358-9854-F3D8D247D7BB}.Ad-Hoc|ARM.Build.0 = Release|ARM
		{9E66CC1A-177B-4358-9854-F3D8D247D7BB}.Ad-Hoc|ARM.Deploy.0 = Release|ARM
		{9E66CC1A-177B-4358-9854-F3D8D247D7BB}.Ad-Hoc|iPhone.ActiveCfg = Release|x86
		{9E66CC1A-177B-4358-9854-F3D8D247D7BB}.Ad-Hoc|iPhone.Build.0 = Release|x86
		{9E66CC1A-177B-4358-9854-F3D8D247D7BB}.Ad-Hoc|iPhone.Deploy.0 = Release|x86
		{9E66CC1A-177B-4358-9854-F3D8D247D7BB}.Ad-Hoc|iPhoneSimulator.ActiveCfg = Release|x86
		{9E66CC1A-177B-4358-9854-F3D8D247D7BB}.Ad-Hoc|iPhoneSimulator.Build.0 = Release|x86
		{9E66CC1A-177B-4358-9854-F3D8D247D7BB}.Ad-Hoc|iPhoneSimulator.Deploy.0 = Release|x86
		{9E66CC1A-177B-4358-9854-F3D8D247D7BB}.Ad-Hoc|x64.ActiveCfg = Release|x64
		{9E66CC1A-177B-4358-9854-F3D8D247D7BB}.Ad-Hoc|x64.Build.0 = Release|x64
		{9E66CC1A-177B-4358-9854-F3D8D247D7BB}.Ad-Hoc|x64.Deploy.0 = Release|x64
		{9E66CC1A-177B-4358-9854-F3D8D247D7BB}.Ad-Hoc|x86.ActiveCfg = Release|x86
		{9E66CC1A-177B-4358-9854-F3D8D247D7BB}.Ad-Hoc|x86.Build.0 = Release|x86
		{9E66CC1A-177B-4358-9854-F3D8D247D7BB}.Ad-Hoc|x86.Deploy.0 = Release|x86
		{9E66CC1A-177B-4358-9854-F3D8D247D7BB}.AppStore|Any CPU.ActiveCfg = Release|x86
		{9E66CC1A-177B-4358-9854-F3D8D247D7BB}.AppStore|Any CPU.Build.0 = Release|x86
		{9E66CC1A-177B-4358-9854-F3D8D247D7BB}.AppStore|Any CPU.Deploy.0 = Release|x86
		{9E66CC1A-177B-4358-9854-F3D8D247D7BB}.AppStore|ARM.ActiveCfg = Release|ARM
		{9E66CC1A-177B-4358-9854-F3D8D247D7BB}.AppStore|ARM.Build.0 = Release|ARM
		{9E66CC1A-177B-4358-9854-F3D8D247D7BB}.AppStore|ARM.Deploy.0 = Release|ARM
		{9E66CC1A-177B-4358-9854-F3D8D247D7BB}.AppStore|iPhone.ActiveCfg = Release|x86
		{9E66CC1A-177B-4358-9854-F3D8D247D7BB}.AppStore|iPhone.Build.0 = Release|x86
		{9E66CC1A-177B-4358-9854-F3D8D247D7BB}.AppStore|iPhone.Deploy.0 = Release|x86
		{9E66CC1A-177B-4358-9854-F3D8D247D7BB}.AppStore|iPhoneSimulator.ActiveCfg = Release|x86
		{9E66CC1A-177B-4358-9854-F3D8D247D7BB}.AppStore|iPhoneSimulator.Build.0 = Release|x86
		{9E66CC1A-177B-4358-9854-F3D8D247D7BB}.AppStore|iPhoneSimulator.Deploy.0 = Release|x86
		{9E66CC1A-177B-4358-9854-F3D8D247D7BB}.AppStore|x64.ActiveCfg = Release|x64
		{9E66CC1A-177B-4358-9854-F3D8D247D7BB}.AppStore|x64.Build.0 = Release|x64
		{9E66CC1A-177B-4358-9854-F3D8D247D7BB}.AppStore|x64.Deploy.0 = Release|x64
		{9E66CC1A-177B-4358-9854-F3D8D247D7BB}.AppStore|x86.ActiveCfg = Release|x86
		{9E66CC1A-177B-4358-9854-F3D8D247D7BB}.AppStore|x86.Build.0 = Release|x86
		{9E66CC1A-177B-4358-9854-F3D8D247D7BB}.AppStore|x86.Deploy.0 = Release|x86
		{9E66CC1A-177B-4358-9854-F3D8D247D7BB}.Debug|Any CPU.ActiveCfg = Debug|x86
		{9E66CC1A-177B-4358-9854-F3D8D247D7BB}.Debug|ARM.ActiveCfg = Debug|ARM
		{9E66CC1A-177B-4358-9854-F3D8D247D7BB}.Debug|ARM.Build.0 = Debug|ARM
		{9E66CC1A-177B-4358-9854-F3D8D247D7BB}.Debug|ARM.Deploy.0 = Debug|ARM
		{9E66CC1A-177B-4358-9854-F3D8D247D7BB}.Debug|iPhone.ActiveCfg = Debug|x86
		{9E66CC1A-177B-4358-9854-F3D8D247D7BB}.Debug|iPhoneSimulator.ActiveCfg = Debug|x86
		{9E66CC1A-177B-4358-9854-F3D8D247D7BB}.Debug|x64.ActiveCfg = Debug|x64
		{9E66CC1A-177B-4358-9854-F3D8D247D7BB}.Debug|x64.Build.0 = Debug|x64
		{9E66CC1A-177B-4358-9854-F3D8D247D7BB}.Debug|x64.Deploy.0 = Debug|x64
		{9E66CC1A-177B-4358-9854-F3D8D247D7BB}.Debug|x86.ActiveCfg = Debug|x86
		{9E66CC1A-177B-4358-9854-F3D8D247D7BB}.Debug|x86.Build.0 = Debug|x86
		{9E66CC1A-177B-4358-9854-F3D8D247D7BB}.Debug|x86.Deploy.0 = Debug|x86
		{9E66CC1A-177B-4358-9854-F3D8D247D7BB}.Release|Any CPU.ActiveCfg = Release|x86
		{9E66CC1A-177B-4358-9854-F3D8D247D7BB}.Release|ARM.ActiveCfg = Release|ARM
		{9E66CC1A-177B-4358-9854-F3D8D247D7BB}.Release|ARM.Build.0 = Release|ARM
		{9E66CC1A-177B-4358-9854-F3D8D247D7BB}.Release|ARM.Deploy.0 = Release|ARM
		{9E66CC1A-177B-4358-9854-F3D8D247D7BB}.Release|iPhone.ActiveCfg = Release|x86
		{9E66CC1A-177B-4358-9854-F3D8D247D7BB}.Release|iPhoneSimulator.ActiveCfg = Release|x86
		{9E66CC1A-177B-4358-9854-F3D8D247D7BB}.Release|x64.ActiveCfg = Release|x64
		{9E66CC1A-177B-4358-9854-F3D8D247D7BB}.Release|x64.Build.0 = Release|x64
		{9E66CC1A-177B-4358-9854-F3D8D247D7BB}.Release|x64.Deploy.0 = Release|x64
		{9E66CC1A-177B-4358-9854-F3D8D247D7BB}.Release|x86.ActiveCfg = Release|x86
		{9E66CC1A-177B-4358-9854-F3D8D247D7BB}.Release|x86.Build.0 = Release|x86
		{9E66CC1A-177B-4358-9854-F3D8D247D7BB}.Release|x86.Deploy.0 = Release|x86
		{A7145DCB-3E7F-4F96-81AC-31108D68AB82}.Ad-Hoc|Any CPU.ActiveCfg = Release|Any CPU
		{A7145DCB-3E7F-4F96-81AC-31108D68AB82}.Ad-Hoc|Any CPU.Build.0 = Release|Any CPU
		{A7145DCB-3E7F-4F96-81AC-31108D68AB82}.Ad-Hoc|Any CPU.Deploy.0 = Release|Any CPU
		{A7145DCB-3E7F-4F96-81AC-31108D68AB82}.Ad-Hoc|ARM.ActiveCfg = Release|ARM
		{A7145DCB-3E7F-4F96-81AC-31108D68AB82}.Ad-Hoc|ARM.Build.0 = Release|ARM
		{A7145DCB-3E7F-4F96-81AC-31108D68AB82}.Ad-Hoc|ARM.Deploy.0 = Release|ARM
		{A7145DCB-3E7F-4F96-81AC-31108D68AB82}.Ad-Hoc|iPhone.ActiveCfg = Release|Any CPU
		{A7145DCB-3E7F-4F96-81AC-31108D68AB82}.Ad-Hoc|iPhone.Build.0 = Release|Any CPU
		{A7145DCB-3E7F-4F96-81AC-31108D68AB82}.Ad-Hoc|iPhone.Deploy.0 = Release|Any CPU
		{A7145DCB-3E7F-4F96-81AC-31108D68AB82}.Ad-Hoc|iPhoneSimulator.ActiveCfg = Release|Any CPU
		{A7145DCB-3E7F-4F96-81AC-31108D68AB82}.Ad-Hoc|iPhoneSimulator.Build.0 = Release|Any CPU
		{A7145DCB-3E7F-4F96-81AC-31108D68AB82}.Ad-Hoc|iPhoneSimulator.Deploy.0 = Release|Any CPU
		{A7145DCB-3E7F-4F96-81AC-31108D68AB82}.Ad-Hoc|x64.ActiveCfg = Release|x64
		{A7145DCB-3E7F-4F96-81AC-31108D68AB82}.Ad-Hoc|x64.Build.0 = Release|x64
		{A7145DCB-3E7F-4F96-81AC-31108D68AB82}.Ad-Hoc|x64.Deploy.0 = Release|x64
		{A7145DCB-3E7F-4F96-81AC-31108D68AB82}.Ad-Hoc|x86.ActiveCfg = Release|x86
		{A7145DCB-3E7F-4F96-81AC-31108D68AB82}.Ad-Hoc|x86.Build.0 = Release|x86
		{A7145DCB-3E7F-4F96-81AC-31108D68AB82}.Ad-Hoc|x86.Deploy.0 = Release|x86
		{A7145DCB-3E7F-4F96-81AC-31108D68AB82}.AppStore|Any CPU.ActiveCfg = Release|Any CPU
		{A7145DCB-3E7F-4F96-81AC-31108D68AB82}.AppStore|Any CPU.Build.0 = Release|Any CPU
		{A7145DCB-3E7F-4F96-81AC-31108D68AB82}.AppStore|Any CPU.Deploy.0 = Release|Any CPU
		{A7145DCB-3E7F-4F96-81AC-31108D68AB82}.AppStore|ARM.ActiveCfg = Release|ARM
		{A7145DCB-3E7F-4F96-81AC-31108D68AB82}.AppStore|ARM.Build.0 = Release|ARM
		{A7145DCB-3E7F-4F96-81AC-31108D68AB82}.AppStore|ARM.Deploy.0 = Release|ARM
		{A7145DCB-3E7F-4F96-81AC-31108D68AB82}.AppStore|iPhone.ActiveCfg = Release|Any CPU
		{A7145DCB-3E7F-4F96-81AC-31108D68AB82}.AppStore|iPhone.Build.0 = Release|Any CPU
		{A7145DCB-3E7F-4F96-81AC-31108D68AB82}.AppStore|iPhone.Deploy.0 = Release|Any CPU
		{A7145DCB-3E7F-4F96-81AC-31108D68AB82}.AppStore|iPhoneSimulator.ActiveCfg = Release|Any CPU
		{A7145DCB-3E7F-4F96-81AC-31108D68AB82}.AppStore|iPhoneSimulator.Build.0 = Release|Any CPU
		{A7145DCB-3E7F-4F96-81AC-31108D68AB82}.AppStore|iPhoneSimulator.Deploy.0 = Release|Any CPU
		{A7145DCB-3E7F-4F96-81AC-31108D68AB82}.AppStore|x64.ActiveCfg = Release|x64
		{A7145DCB-3E7F-4F96-81AC-31108D68AB82}.AppStore|x64.Build.0 = Release|x64
		{A7145DCB-3E7F-4F96-81AC-31108D68AB82}.AppStore|x64.Deploy.0 = Release|x64
		{A7145DCB-3E7F-4F96-81AC-31108D68AB82}.AppStore|x86.ActiveCfg = Release|x86
		{A7145DCB-3E7F-4F96-81AC-31108D68AB82}.AppStore|x86.Build.0 = Release|x86
		{A7145DCB-3E7F-4F96-81AC-31108D68AB82}.AppStore|x86.Deploy.0 = Release|x86
		{A7145DCB-3E7F-4F96-81AC-31108D68AB82}.Debug|Any CPU.ActiveCfg = Debug|Any CPU
		{A7145DCB-3E7F-4F96-81AC-31108D68AB82}.Debug|Any CPU.Build.0 = Debug|Any CPU
		{A7145DCB-3E7F-4F96-81AC-31108D68AB82}.Debug|Any CPU.Deploy.0 = Debug|Any CPU
		{A7145DCB-3E7F-4F96-81AC-31108D68AB82}.Debug|ARM.ActiveCfg = Debug|ARM
		{A7145DCB-3E7F-4F96-81AC-31108D68AB82}.Debug|ARM.Build.0 = Debug|ARM
		{A7145DCB-3E7F-4F96-81AC-31108D68AB82}.Debug|ARM.Deploy.0 = Debug|ARM
		{A7145DCB-3E7F-4F96-81AC-31108D68AB82}.Debug|iPhone.ActiveCfg = Debug|Any CPU
		{A7145DCB-3E7F-4F96-81AC-31108D68AB82}.Debug|iPhone.Build.0 = Debug|Any CPU
		{A7145DCB-3E7F-4F96-81AC-31108D68AB82}.Debug|iPhone.Deploy.0 = Debug|Any CPU
		{A7145DCB-3E7F-4F96-81AC-31108D68AB82}.Debug|iPhoneSimulator.ActiveCfg = Debug|Any CPU
		{A7145DCB-3E7F-4F96-81AC-31108D68AB82}.Debug|iPhoneSimulator.Build.0 = Debug|Any CPU
		{A7145DCB-3E7F-4F96-81AC-31108D68AB82}.Debug|iPhoneSimulator.Deploy.0 = Debug|Any CPU
		{A7145DCB-3E7F-4F96-81AC-31108D68AB82}.Debug|x64.ActiveCfg = Debug|x64
		{A7145DCB-3E7F-4F96-81AC-31108D68AB82}.Debug|x64.Build.0 = Debug|x64
		{A7145DCB-3E7F-4F96-81AC-31108D68AB82}.Debug|x64.Deploy.0 = Debug|x64
		{A7145DCB-3E7F-4F96-81AC-31108D68AB82}.Debug|x86.ActiveCfg = Debug|x86
		{A7145DCB-3E7F-4F96-81AC-31108D68AB82}.Debug|x86.Build.0 = Debug|x86
		{A7145DCB-3E7F-4F96-81AC-31108D68AB82}.Debug|x86.Deploy.0 = Debug|x86
		{A7145DCB-3E7F-4F96-81AC-31108D68AB82}.Release|Any CPU.ActiveCfg = Release|Any CPU
		{A7145DCB-3E7F-4F96-81AC-31108D68AB82}.Release|Any CPU.Build.0 = Release|Any CPU
		{A7145DCB-3E7F-4F96-81AC-31108D68AB82}.Release|Any CPU.Deploy.0 = Release|Any CPU
		{A7145DCB-3E7F-4F96-81AC-31108D68AB82}.Release|ARM.ActiveCfg = Release|ARM
		{A7145DCB-3E7F-4F96-81AC-31108D68AB82}.Release|ARM.Build.0 = Release|ARM
		{A7145DCB-3E7F-4F96-81AC-31108D68AB82}.Release|ARM.Deploy.0 = Release|ARM
		{A7145DCB-3E7F-4F96-81AC-31108D68AB82}.Release|iPhone.ActiveCfg = Release|Any CPU
		{A7145DCB-3E7F-4F96-81AC-31108D68AB82}.Release|iPhone.Build.0 = Release|Any CPU
		{A7145DCB-3E7F-4F96-81AC-31108D68AB82}.Release|iPhone.Deploy.0 = Release|Any CPU
		{A7145DCB-3E7F-4F96-81AC-31108D68AB82}.Release|iPhoneSimulator.ActiveCfg = Release|Any CPU
		{A7145DCB-3E7F-4F96-81AC-31108D68AB82}.Release|iPhoneSimulator.Build.0 = Release|Any CPU
		{A7145DCB-3E7F-4F96-81AC-31108D68AB82}.Release|iPhoneSimulator.Deploy.0 = Release|Any CPU
		{A7145DCB-3E7F-4F96-81AC-31108D68AB82}.Release|x64.ActiveCfg = Release|x64
		{A7145DCB-3E7F-4F96-81AC-31108D68AB82}.Release|x64.Build.0 = Release|x64
		{A7145DCB-3E7F-4F96-81AC-31108D68AB82}.Release|x64.Deploy.0 = Release|x64
		{A7145DCB-3E7F-4F96-81AC-31108D68AB82}.Release|x86.ActiveCfg = Release|x86
		{A7145DCB-3E7F-4F96-81AC-31108D68AB82}.Release|x86.Build.0 = Release|x86
		{A7145DCB-3E7F-4F96-81AC-31108D68AB82}.Release|x86.Deploy.0 = Release|x86
	EndGlobalSection
	GlobalSection(SolutionProperties) = preSolution
		HideSolutionNode = FALSE
	EndGlobalSection
EndGlobal
